Microsoft Visual Studio Solution File, Format Version 11.00
# Visual Studio 2008

Project("{2C4BB2ED-EDAD-59B0-3A9F-7CE0B2C870D7}") = "New_Test", "Assembly-CSharp-firstpass-vs.csproj", "{7B11A57F-E927-4B44-4087-D2452A258B27}"
EndProject
Project("{2C4BB2ED-EDAD-59B0-3A9F-7CE0B2C870D7}") = "New_Test", "Assembly-CSharp-vs.csproj", "{FFDD2BF5-005A-6D2F-49A6-76C9C061F453}"
EndProject
Project("{2C4BB2ED-EDAD-59B0-3A9F-7CE0B2C870D7}") = "New_Test", "Assembly-CSharp-Editor-vs.csproj", "{D055E5CE-C521-D84B-F473-1E8B711A8D11}"
EndProject
Global
	GlobalSection(SolutionConfigurationPlatforms) = preSolution
		Debug|Any CPU = Debug|Any CPU
		Release|Any CPU = Release|Any CPU
	EndGlobalSection
	GlobalSection(ProjectConfigurationPlatforms) = postSolution
		{7B11A57F-E927-4B44-4087-D2452A258B27}.Debug|Any CPU.ActiveCfg = Debug|Any CPU
		{7B11A57F-E927-4B44-4087-D2452A258B27}.Debug|Any CPU.Build.0 = Debug|Any CPU
		{7B11A57F-E927-4B44-4087-D2452A258B27}.Release|Any CPU.ActiveCfg = Release|Any CPU
		{7B11A57F-E927-4B44-4087-D2452A258B27}.Release|Any CPU.Build.0 = Release|Any CPU
		{FFDD2BF5-005A-6D2F-49A6-76C9C061F453}.Debug|Any CPU.ActiveCfg = Debug|Any CPU
		{FFDD2BF5-005A-6D2F-49A6-76C9C061F453}.Debug|Any CPU.Build.0 = Debug|Any CPU
		{FFDD2BF5-005A-6D2F-49A6-76C9C061F453}.Release|Any CPU.ActiveCfg = Release|Any CPU
		{FFDD2BF5-005A-6D2F-49A6-76C9C061F453}.Release|Any CPU.Build.0 = Release|Any CPU
		{D055E5CE-C521-D84B-F473-1E8B711A8D11}.Debug|Any CPU.ActiveCfg = Debug|Any CPU
		{D055E5CE-C521-D84B-F473-1E8B711A8D11}.Debug|Any CPU.Build.0 = Debug|Any CPU
		{D055E5CE-C521-D84B-F473-1E8B711A8D11}.Release|Any CPU.ActiveCfg = Release|Any CPU
		{D055E5CE-C521-D84B-F473-1E8B711A8D11}.Release|Any CPU.Build.0 = Release|Any CPU
	EndGlobalSection
	GlobalSection(SolutionProperties) = preSolution
		HideSolutionNode = FALSE
	EndGlobalSection
																																																																																																							GlobalSection(MonoDevelopProperties) = preSolution
		StartupItem = Assembly-CSharp.csproj
		Policies = $0
		$0.TextStylePolicy = $1
		$1.inheritsSet = null
		$1.scope = text/x-csharp
		$0.CSharpFormattingPolicy = $2
		$2.inheritsSet = Mono
		$2.inheritsScope = text/x-csharp
		$2.scope = text/x-csharp
		$0.TextStylePolicy = $3
		$3.FileWidth = 120
		$3.TabWidth = 4
		$3.EolMarker = Unix
		$3.inheritsSet = Mono
		$3.inheritsScope = text/plain
		$3.scope = text/plain
	EndGlobalSection

EndGlobal
